
Microsoft Visual Studio Solution File, Format Version 12.00
# Visual Studio 15
VisualStudioVersion = 15.0.27130.2036
MinimumVisualStudioVersion = 10.0.40219.1
Project("{FAE04EC0-301F-11D3-BF4B-00C04F79EFBC}") = "Hello", "Hello\Hello.csproj", "{B132D20F-FC49-42CF-822D-74B048FD9A9B}"
EndProject
Global
	GlobalSection(SolutionConfigurationPlatforms) = preSolution
		Debug|Any CPU = Debug|Any CPU
		Release|Any CPU = Release|Any CPU
	EndGlobalSection
	GlobalSection(ProjectConfigurationPlatforms) = postSolution
		{B132D20F-FC49-42CF-822D-74B048FD9A9B}.Debug|Any CPU.ActiveCfg = Debug|Any CPU
		{B132D20F-FC49-42CF-822D-74B048FD9A9B}.Debug|Any CPU.Build.0 = Debug|Any CPU
		{B132D20F-FC49-42CF-822D-74B048FD9A9B}.Release|Any CPU.ActiveCfg = Release|Any CPU
		{B132D20F-FC49-42CF-822D-74B048FD9A9B}.Release|Any CPU.Build.0 = Release|Any CPU
	EndGlobalSection
	GlobalSection(SolutionProperties) = preSolution
		HideSolutionNode = FALSE
	EndGlobalSection
	GlobalSection(ExtensibilityGlobals) = postSolution
		SolutionGuid = {BC28231B-CA9A-469E-9EE3-2C61745C9CF0}
	EndGlobalSection
EndGlobal
